
Microsoft Visual Studio Solution File, Format Version 12.00
# Visual Studio Version 16
VisualStudioVersion = 16.0.32602.291
MinimumVisualStudioVersion = 10.0.40219.1
Project("{FAE04EC0-301F-11D3-BF4B-00C04F79EFBC}") = "EmployeeCRUDApp", "EmployeeCRUDApp\EmployeeCRUDApp.csproj", "{4A0FD458-2E65-490E-962C-90510CDB026B}"
EndProject
Global
	GlobalSection(SolutionConfigurationPlatforms) = preSolution
		Debug|Any CPU = Debug|Any CPU
		Release|Any CPU = Release|Any CPU
	EndGlobalSection
	GlobalSection(ProjectConfigurationPlatforms) = postSolution
		{4A0FD458-2E65-490E-962C-90510CDB026B}.Debug|Any CPU.ActiveCfg = Debug|Any CPU
		{4A0FD458-2E65-490E-962C-90510CDB026B}.Debug|Any CPU.Build.0 = Debug|Any CPU
		{4A0FD458-2E65-490E-962C-90510CDB026B}.Release|Any CPU.ActiveCfg = Release|Any CPU
		{4A0FD458-2E65-490E-962C-90510CDB026B}.Release|Any CPU.Build.0 = Release|Any CPU
	EndGlobalSection
	GlobalSection(SolutionProperties) = preSolution
		HideSolutionNode = FALSE
	EndGlobalSection
	GlobalSection(ExtensibilityGlobals) = postSolution
		SolutionGuid = {7ABC960C-5C75-4A18-A8EB-CBFA22F12907}
	EndGlobalSection
EndGlobal
